# This file is generated by running "yarn install" inside your project.
# Manual changes might be lost - proceed with caution!

__metadata:
  version: 8
  cacheKey: 10c0

"@emnapi/core@npm:^1.5.0":
  version: 1.7.1
  resolution: "@emnapi/core@npm:1.7.1"
  dependencies:
    "@emnapi/wasi-threads": "npm:1.1.0"
    tslib: "npm:^2.4.0"
  checksum: 10c0/f3740be23440b439333e3ae3832163f60c96c4e35337f3220ceba88f36ee89a57a871d27c94eb7a9ff98a09911ed9a2089e477ab549f4d30029f8b907f84a351
  languageName: node
  linkType: hard

"@emnapi/runtime@npm:^1.5.0":
  version: 1.7.1
  resolution: "@emnapi/runtime@npm:1.7.1"
  dependencies:
    tslib: "npm:^2.4.0"
  checksum: 10c0/26b851cd3e93877d8732a985a2ebf5152325bbacc6204ef5336a47359dedcc23faeb08cdfcb8bb389b5401b3e894b882bc1a1e55b4b7c1ed1e67c991a760ddd5
  languageName: node
  linkType: hard

"@emnapi/wasi-threads@npm:1.1.0":
  version: 1.1.0
  resolution: "@emnapi/wasi-threads@npm:1.1.0"
  dependencies:
    tslib: "npm:^2.4.0"
  checksum: 10c0/e6d54bf2b1e64cdd83d2916411e44e579b6ae35d5def0dea61a3c452d9921373044dff32a8b8473ae60c80692bdc39323e98b96a3f3d87ba6886b24dd0ef7ca1
  languageName: node
  linkType: hard

"@module-federation/error-codes@npm:0.21.6":
  version: 0.21.6
  resolution: "@module-federation/error-codes@npm:0.21.6"
  checksum: 10c0/365ca6350fac7882e86730dec34bd62871161638850727604a8a7b30ac3479a62d95a9e6ee39faa6f8dfc57a960fd91274df325fbda12bbbdd554a4258d8ed7d
  languageName: node
  linkType: hard

"@module-federation/runtime-core@npm:0.21.6":
  version: 0.21.6
  resolution: "@module-federation/runtime-core@npm:0.21.6"
  dependencies:
    "@module-federation/error-codes": "npm:0.21.6"
    "@module-federation/sdk": "npm:0.21.6"
  checksum: 10c0/df986606a9f6b0f56cc9c261d497c852a1dba0e6817be5b9150db3a3d205242a6a0fedb0ad247aaa9bfb489aaeb3d58adcc7db44f4a3205cf20c5a8035e974f8
  languageName: node
  linkType: hard

"@module-federation/runtime-tools@npm:0.21.6":
  version: 0.21.6
  resolution: "@module-federation/runtime-tools@npm:0.21.6"
  dependencies:
    "@module-federation/runtime": "npm:0.21.6"
    "@module-federation/webpack-bundler-runtime": "npm:0.21.6"
  checksum: 10c0/4cb9fa9dcde2101359ade4bdeb2e80c19c65f0ae265ad3877edfae2117f4b1e908e8d76d44ce5ae61d32ce73e7bf4238e24e4ad67115d64c994dbe169dc96b05
  languageName: node
  linkType: hard

"@module-federation/runtime@npm:0.21.6":
  version: 0.21.6
  resolution: "@module-federation/runtime@npm:0.21.6"
  dependencies:
    "@module-federation/error-codes": "npm:0.21.6"
    "@module-federation/runtime-core": "npm:0.21.6"
    "@module-federation/sdk": "npm:0.21.6"
  checksum: 10c0/76596433cd914021cdeacefd461303f08c8daeb002d6c13659ce4e3d10f36873ce3a89edca432074b7484e2f5597e53d619ba425b11656b212e3d3ce775b8fb8
  languageName: node
  linkType: hard

"@module-federation/sdk@npm:0.21.6":
  version: 0.21.6
  resolution: "@module-federation/sdk@npm:0.21.6"
  checksum: 10c0/54f33fb48e1f3db09e03b529af9f28fcd8007c4dbd8b197cb0691c392f3eb143961c526e1ecd400f1d652451976a378da962edbb961f5859f33f56edda527f88
  languageName: node
  linkType: hard

"@module-federation/webpack-bundler-runtime@npm:0.21.6":
  version: 0.21.6
  resolution: "@module-federation/webpack-bundler-runtime@npm:0.21.6"
  dependencies:
    "@module-federation/runtime": "npm:0.21.6"
    "@module-federation/sdk": "npm:0.21.6"
  checksum: 10c0/0767ace8f5002d2bcc4ace9fca25440b95f980980fcba3ffd9da1c8452ec608dc2cc8c79a6a49d259b1fa548134ad2e2e6e89d0ae42e41b4e7be047755996daf
  languageName: node
  linkType: hard

"@napi-rs/wasm-runtime@npm:1.0.7":
  version: 1.0.7
  resolution: "@napi-rs/wasm-runtime@npm:1.0.7"
  dependencies:
    "@emnapi/core": "npm:^1.5.0"
    "@emnapi/runtime": "npm:^1.5.0"
    "@tybys/wasm-util": "npm:^0.10.1"
  checksum: 10c0/2d8635498136abb49d6dbf7395b78c63422292240963bf055f307b77aeafbde57ae2c0ceaaef215601531b36d6eb92a2cdd6f5ba90ed2aa8127c27aff9c4ae55
  languageName: node
  linkType: hard

"@rsbuild/core@npm:^1.6.14":
  version: 1.6.14
  resolution: "@rsbuild/core@npm:1.6.14"
  dependencies:
    "@rspack/core": "npm:1.6.7"
    "@rspack/lite-tapable": "npm:~1.1.0"
    "@swc/helpers": "npm:^0.5.17"
    core-js: "npm:~3.47.0"
    jiti: "npm:^2.6.1"
  bin:
    rsbuild: bin/rsbuild.js
  checksum: 10c0/7e13897055e3f0996bab6d51f01d49e0901f9a8c61143206d4476ae315e3512f7b8a9988ebbf06415f549d9eda1bfe70e67918735580177825655c36bae7a89c
  languageName: node
  linkType: hard

"@rsbuild/plugin-less@npm:^1.5.0":
  version: 1.5.0
  resolution: "@rsbuild/plugin-less@npm:1.5.0"
  dependencies:
    deepmerge: "npm:^4.3.1"
    reduce-configs: "npm:^1.1.1"
  peerDependencies:
    "@rsbuild/core": 1.x
  checksum: 10c0/edd1d6e709a366f99038d7549a481043346362f2c3ff083d69433bae6b07ca5da375fc9f1f95a042f6091c17cd822df92ffe5ce65b5feb57338d8e5dfa5ad8f9
  languageName: node
  linkType: hard

"@rspack/binding-darwin-arm64@npm:1.6.7":
  version: 1.6.7
  resolution: "@rspack/binding-darwin-arm64@npm:1.6.7"
  conditions: os=darwin & cpu=arm64
  languageName: node
  linkType: hard

"@rspack/binding-darwin-x64@npm:1.6.7":
  version: 1.6.7
  resolution: "@rspack/binding-darwin-x64@npm:1.6.7"
  conditions: os=darwin & cpu=x64
  languageName: node
  linkType: hard

"@rspack/binding-linux-arm64-gnu@npm:1.6.7":
  version: 1.6.7
  resolution: "@rspack/binding-linux-arm64-gnu@npm:1.6.7"
  conditions: os=linux & cpu=arm64 & libc=glibc
  languageName: node
  linkType: hard

"@rspack/binding-linux-arm64-musl@npm:1.6.7":
  version: 1.6.7
  resolution: "@rspack/binding-linux-arm64-musl@npm:1.6.7"
  conditions: os=linux & cpu=arm64 & libc=musl
  languageName: node
  linkType: hard

"@rspack/binding-linux-x64-gnu@npm:1.6.7":
  version: 1.6.7
  resolution: "@rspack/binding-linux-x64-gnu@npm:1.6.7"
  conditions: os=linux & cpu=x64 & libc=glibc
  languageName: node
  linkType: hard

"@rspack/binding-linux-x64-musl@npm:1.6.7":
  version: 1.6.7
  resolution: "@rspack/binding-linux-x64-musl@npm:1.6.7"
  conditions: os=linux & cpu=x64 & libc=musl
  languageName: node
  linkType: hard

"@rspack/binding-wasm32-wasi@npm:1.6.7":
  version: 1.6.7
  resolution: "@rspack/binding-wasm32-wasi@npm:1.6.7"
  dependencies:
    "@napi-rs/wasm-runtime": "npm:1.0.7"
  conditions: cpu=wasm32
  languageName: node
  linkType: hard

"@rspack/binding-win32-arm64-msvc@npm:1.6.7":
  version: 1.6.7
  resolution: "@rspack/binding-win32-arm64-msvc@npm:1.6.7"
  conditions: os=win32 & cpu=arm64
  languageName: node
  linkType: hard

"@rspack/binding-win32-ia32-msvc@npm:1.6.7":
  version: 1.6.7
  resolution: "@rspack/binding-win32-ia32-msvc@npm:1.6.7"
  conditions: os=win32 & cpu=ia32
  languageName: node
  linkType: hard

"@rspack/binding-win32-x64-msvc@npm:1.6.7":
  version: 1.6.7
  resolution: "@rspack/binding-win32-x64-msvc@npm:1.6.7"
  conditions: os=win32 & cpu=x64
  languageName: node
  linkType: hard

"@rspack/binding@npm:1.6.7":
  version: 1.6.7
  resolution: "@rspack/binding@npm:1.6.7"
  dependencies:
    "@rspack/binding-darwin-arm64": "npm:1.6.7"
    "@rspack/binding-darwin-x64": "npm:1.6.7"
    "@rspack/binding-linux-arm64-gnu": "npm:1.6.7"
    "@rspack/binding-linux-arm64-musl": "npm:1.6.7"
    "@rspack/binding-linux-x64-gnu": "npm:1.6.7"
    "@rspack/binding-linux-x64-musl": "npm:1.6.7"
    "@rspack/binding-wasm32-wasi": "npm:1.6.7"
    "@rspack/binding-win32-arm64-msvc": "npm:1.6.7"
    "@rspack/binding-win32-ia32-msvc": "npm:1.6.7"
    "@rspack/binding-win32-x64-msvc": "npm:1.6.7"
  dependenciesMeta:
    "@rspack/binding-darwin-arm64":
      optional: true
    "@rspack/binding-darwin-x64":
      optional: true
    "@rspack/binding-linux-arm64-gnu":
      optional: true
    "@rspack/binding-linux-arm64-musl":
      optional: true
    "@rspack/binding-linux-x64-gnu":
      optional: true
    "@rspack/binding-linux-x64-musl":
      optional: true
    "@rspack/binding-wasm32-wasi":
      optional: true
    "@rspack/binding-win32-arm64-msvc":
      optional: true
    "@rspack/binding-win32-ia32-msvc":
      optional: true
    "@rspack/binding-win32-x64-msvc":
      optional: true
  checksum: 10c0/3f890251dbda46ca64f33d8c5d9bf8f717dd279c7e7edc08fda2427cb0b55bddc5e56cf823714de27ab02509eeb1f4f6f84ec4e5fb253194f2106d6153a319be
  languageName: node
  linkType: hard

"@rspack/core@npm:1.6.7":
  version: 1.6.7
  resolution: "@rspack/core@npm:1.6.7"
  dependencies:
    "@module-federation/runtime-tools": "npm:0.21.6"
    "@rspack/binding": "npm:1.6.7"
    "@rspack/lite-tapable": "npm:1.1.0"
  peerDependencies:
    "@swc/helpers": ">=0.5.1"
  peerDependenciesMeta:
    "@swc/helpers":
      optional: true
  checksum: 10c0/14e7f5228ba029de597cb8b1fdcbf33c5de955f7bfb750fe1a22d9487c72878f9c6920c6b272c416210563dbf9a19ecb871da9c9c5a4562fc1809abd2e877b36
  languageName: node
  linkType: hard

"@rspack/lite-tapable@npm:1.1.0, @rspack/lite-tapable@npm:~1.1.0":
  version: 1.1.0
  resolution: "@rspack/lite-tapable@npm:1.1.0"
  checksum: 10c0/15059d1da73192b150339ceba3142a2d0073fa298dad9a497cc8c6037c597c3a982ed4c88dc50afa7b70d0757df1b47af7ae407cfe8acd31d333d524b84a7a4b
  languageName: node
  linkType: hard

"@swc/helpers@npm:^0.5.17":
  version: 0.5.17
  resolution: "@swc/helpers@npm:0.5.17"
  dependencies:
    tslib: "npm:^2.8.0"
  checksum: 10c0/fe1f33ebb968558c5a0c595e54f2e479e4609bff844f9ca9a2d1ffd8dd8504c26f862a11b031f48f75c95b0381c2966c3dd156e25942f90089badd24341e7dbb
  languageName: node
  linkType: hard

"@tybys/wasm-util@npm:^0.10.1":
  version: 0.10.1
  resolution: "@tybys/wasm-util@npm:0.10.1"
  dependencies:
    tslib: "npm:^2.4.0"
  checksum: 10c0/b255094f293794c6d2289300c5fbcafbb5532a3aed3a5ffd2f8dc1828e639b88d75f6a376dd8f94347a44813fd7a7149d8463477a9a49525c8b2dcaa38c2d1e8
  languageName: node
  linkType: hard

"core-js@npm:~3.47.0":
  version: 3.47.0
  resolution: "core-js@npm:3.47.0"
  checksum: 10c0/9b1a7088b7c660c7b8f1d4c90bb1816a8d5352ebdcb7bc742e3a0e4eb803316b5aa17bacb8769522342196351a5430178f46914644f2bfdb94ce0ced3c7fd523
  languageName: node
  linkType: hard

"deepmerge@npm:^4.3.1":
  version: 4.3.1
  resolution: "deepmerge@npm:4.3.1"
  checksum: 10c0/e53481aaf1aa2c4082b5342be6b6d8ad9dfe387bc92ce197a66dea08bd4265904a087e75e464f14d1347cf2ac8afe1e4c16b266e0561cc5df29382d3c5f80044
  languageName: node
  linkType: hard

"jiti@npm:^2.6.1":
  version: 2.6.1
  resolution: "jiti@npm:2.6.1"
  bin:
    jiti: lib/jiti-cli.mjs
  checksum: 10c0/79b2e96a8e623f66c1b703b98ec1b8be4500e1d217e09b09e343471bbb9c105381b83edbb979d01cef18318cc45ce6e153571b6c83122170eefa531c64b6789b
  languageName: node
  linkType: hard

"reduce-configs@npm:^1.1.1":
  version: 1.1.1
  resolution: "reduce-configs@npm:1.1.1"
  checksum: 10c0/f13127379e402c93ec9e99c143633af3bdcebe70fddd346f7e30dc2174188667a68543417116e76d0d8df5c127cdea53ed0ca5987a522cf5db3904024d2e5742
  languageName: node
  linkType: hard

"social-links-profile@workspace:.":
  version: 0.0.0-use.local
  resolution: "social-links-profile@workspace:."
  dependencies:
    "@rsbuild/core": "npm:^1.6.14"
    "@rsbuild/plugin-less": "npm:^1.5.0"
  languageName: unknown
  linkType: soft

"tslib@npm:^2.4.0, tslib@npm:^2.8.0":
  version: 2.8.1
  resolution: "tslib@npm:2.8.1"
  checksum: 10c0/9c4759110a19c53f992d9aae23aac5ced636e99887b51b9e61def52611732872ff7668757d4e4c61f19691e36f4da981cd9485e869b4a7408d689f6bf1f14e62
  languageName: node
  linkType: hard
